github.com/forPelevin/gomoji v1.2.0 h1:9k4WVSSkE1ARO/BWywxgEUBvR/jMnao6EZzrql5nxJ8=
github.com/forPelevin/gomoji v1.2.0/go.mod h1:8+Z3KNGkdslmeGZBC3tCrwMrcPy5GRzAD+gL9NAwMXg=
github.com/rivo/uniseg v0.4.7 h1:WUdvkW8uEhrYfLC4ZzdpI2ztxP1I582+49Oc5Mq64VQ=
github.com/rivo/uniseg v0.4.7/go.mod h1:FN3SvrM+Zdj16jyLfmOkMNblXMcoc8DfTHruCPUcx88=
